
Microsoft Visual Studio Solution File, Format Version 12.00
# Visual Studio Version 17
VisualStudioVersion = 17.12.35514.174
MinimumVisualStudioVersion = 10.0.40219.1
Project("{FAE04EC0-301F-11D3-BF4B-00C04F79EFBC}") = "DotNetBasics.Aula01", "DotNetBasics.Aula01\DotNetBasics.Aula01.csproj", "{533C5B2E-E58C-4B94-958D-4571D36C5480}"
EndProject
Project("{FAE04EC0-301F-11D3-BF4B-00C04F79EFBC}") = "DotNetBasics.Aula02", "DotNetBasics.Aula02\DotNetBasics.Aula02.csproj", "{C19077C6-1275-4F2C-96B1-15ECB54757F7}"
EndProject
Project("{2150E333-8FDC-42A3-9474-1A3956D46DE8}") = "Aula 1", "Aula 1", "{102271EB-AF41-4241-B504-01F8EE07C4C4}"
EndProject
Project("{2150E333-8FDC-42A3-9474-1A3956D46DE8}") = "Aula 2", "Aula 2", "{7DF77F5C-0CEC-42ED-9A9F-901B62D487D4}"
EndProject
Project("{2150E333-8FDC-42A3-9474-1A3956D46DE8}") = "Aula 3", "Aula 3", "{5988C1C8-7100-4F84-A710-B9176846891D}"
EndProject
Project("{FAE04EC0-301F-11D3-BF4B-00C04F79EFBC}") = "DotNetBasics.Aula03", "DotNetBasics.Aula03\DotNetBasics.Aula03.csproj", "{CBAE3C79-6860-4C8E-833B-2823AED71308}"
EndProject
Project("{2150E333-8FDC-42A3-9474-1A3956D46DE8}") = "Aula 4", "Aula 4", "{84CE5DB1-B581-4964-B38E-86980C0C5510}"
EndProject
Project("{FAE04EC0-301F-11D3-BF4B-00C04F79EFBC}") = "DotNetBasics.Aula04", "DotNetBasics.Aula04\DotNetBasics.Aula04.csproj", "{02D3F3F9-D956-4BA9-A40C-497F22BFC14C}"
EndProject
Project("{2150E333-8FDC-42A3-9474-1A3956D46DE8}") = "Aula 5", "Aula 5", "{68038D86-9B63-4ADF-B093-7BCB6D025CF5}"
EndProject
Project("{FAE04EC0-301F-11D3-BF4B-00C04F79EFBC}") = "DotNetBasics.Aula05", "DotNetBasics.Aula05\DotNetBasics.Aula05.csproj", "{2611B797-74EA-46BF-8A48-7C7D5F583ADB}"
EndProject
Project("{2150E333-8FDC-42A3-9474-1A3956D46DE8}") = "Aula 6", "Aula 6", "{1EE86CC9-6811-4F78-A05A-4F2F410F732F}"
EndProject
Project("{FAE04EC0-301F-11D3-BF4B-00C04F79EFBC}") = "DotNetBasics.Aula06", "DotNetBasics.Aula06\DotNetBasics.Aula06.csproj", "{ECC5DC5D-A7CE-47BE-95FC-CED0075CC8FD}"
EndProject
Project("{2150E333-8FDC-42A3-9474-1A3956D46DE8}") = "Aula 7", "Aula 7", "{75015CA9-3A80-4157-8FFE-C10E200C5080}"
EndProject
Project("{FAE04EC0-301F-11D3-BF4B-00C04F79EFBC}") = "DotNetBasics.Aula07", "DotNetBasics.Aula07\DotNetBasics.Aula07.csproj", "{3430AEE3-9577-4E3D-B47D-807AB76BF832}"
EndProject
Project("{2150E333-8FDC-42A3-9474-1A3956D46DE8}") = "Aula 8", "Aula 8", "{CD8564E7-2FB6-4F57-B267-9CD8F3A3254D}"
EndProject
Project("{FAE04EC0-301F-11D3-BF4B-00C04F79EFBC}") = "DotNetBasics.Aula08", "DotNetBasics.Aula08\DotNetBasics.Aula08.csproj", "{B8B01873-9EFB-4859-9267-C4AB86D3CEB2}"
EndProject
Project("{2150E333-8FDC-42A3-9474-1A3956D46DE8}") = "Aula 9", "Aula 9", "{B0E87865-DF80-46B0-8400-67C2F140C365}"
EndProject
Project("{FAE04EC0-301F-11D3-BF4B-00C04F79EFBC}") = "DotNetBasics.Aula09", "DotNetBasics.Aula09\DotNetBasics.Aula09.csproj", "{6764B624-A2DD-4BA6-BF9E-927788E55396}"
EndProject
Global
	GlobalSection(SolutionConfigurationPlatforms) = preSolution
		Debug|Any CPU = Debug|Any CPU
		Release|Any CPU = Release|Any CPU
	EndGlobalSection
	GlobalSection(ProjectConfigurationPlatforms) = postSolution
		{533C5B2E-E58C-4B94-958D-4571D36C5480}.Debug|Any CPU.ActiveCfg = Debug|Any CPU
		{533C5B2E-E58C-4B94-958D-4571D36C5480}.Debug|Any CPU.Build.0 = Debug|Any CPU
		{533C5B2E-E58C-4B94-958D-4571D36C5480}.Release|Any CPU.ActiveCfg = Release|Any CPU
		{533C5B2E-E58C-4B94-958D-4571D36C5480}.Release|Any CPU.Build.0 = Release|Any CPU
		{C19077C6-1275-4F2C-96B1-15ECB54757F7}.Debug|Any CPU.ActiveCfg = Debug|Any CPU
		{C19077C6-1275-4F2C-96B1-15ECB54757F7}.Debug|Any CPU.Build.0 = Debug|Any CPU
		{C19077C6-1275-4F2C-96B1-15ECB54757F7}.Release|Any CPU.ActiveCfg = Release|Any CPU
		{C19077C6-1275-4F2C-96B1-15ECB54757F7}.Release|Any CPU.Build.0 = Release|Any CPU
		{CBAE3C79-6860-4C8E-833B-2823AED71308}.Debug|Any CPU.ActiveCfg = Debug|Any CPU
		{CBAE3C79-6860-4C8E-833B-2823AED71308}.Debug|Any CPU.Build.0 = Debug|Any CPU
		{CBAE3C79-6860-4C8E-833B-2823AED71308}.Release|Any CPU.ActiveCfg = Release|Any CPU
		{CBAE3C79-6860-4C8E-833B-2823AED71308}.Release|Any CPU.Build.0 = Release|Any CPU
		{02D3F3F9-D956-4BA9-A40C-497F22BFC14C}.Debug|Any CPU.ActiveCfg = Debug|Any CPU
		{02D3F3F9-D956-4BA9-A40C-497F22BFC14C}.Debug|Any CPU.Build.0 = Debug|Any CPU
		{02D3F3F9-D956-4BA9-A40C-497F22BFC14C}.Release|Any CPU.ActiveCfg = Release|Any CPU
		{02D3F3F9-D956-4BA9-A40C-497F22BFC14C}.Release|Any CPU.Build.0 = Release|Any CPU
		{2611B797-74EA-46BF-8A48-7C7D5F583ADB}.Debug|Any CPU.ActiveCfg = Debug|Any CPU
		{2611B797-74EA-46BF-8A48-7C7D5F583ADB}.Debug|Any CPU.Build.0 = Debug|Any CPU
		{2611B797-74EA-46BF-8A48-7C7D5F583ADB}.Release|Any CPU.ActiveCfg = Release|Any CPU
		{2611B797-74EA-46BF-8A48-7C7D5F583ADB}.Release|Any CPU.Build.0 = Release|Any CPU
		{ECC5DC5D-A7CE-47BE-95FC-CED0075CC8FD}.Debug|Any CPU.ActiveCfg = Debug|Any CPU
		{ECC5DC5D-A7CE-47BE-95FC-CED0075CC8FD}.Debug|Any CPU.Build.0 = Debug|Any CPU
		{ECC5DC5D-A7CE-47BE-95FC-CED0075CC8FD}.Release|Any CPU.ActiveCfg = Release|Any CPU
		{ECC5DC5D-A7CE-47BE-95FC-CED0075CC8FD}.Release|Any CPU.Build.0 = Release|Any CPU
		{3430AEE3-9577-4E3D-B47D-807AB76BF832}.Debug|Any CPU.ActiveCfg = Debug|Any CPU
		{3430AEE3-9577-4E3D-B47D-807AB76BF832}.Debug|Any CPU.Build.0 = Debug|Any CPU
		{3430AEE3-9577-4E3D-B47D-807AB76BF832}.Release|Any CPU.ActiveCfg = Release|Any CPU
		{3430AEE3-9577-4E3D-B47D-807AB76BF832}.Release|Any CPU.Build.0 = Release|Any CPU
		{B8B01873-9EFB-4859-9267-C4AB86D3CEB2}.Debug|Any CPU.ActiveCfg = Debug|Any CPU
		{B8B01873-9EFB-4859-9267-C4AB86D3CEB2}.Debug|Any CPU.Build.0 = Debug|Any CPU
		{B8B01873-9EFB-4859-9267-C4AB86D3CEB2}.Release|Any CPU.ActiveCfg = Release|Any CPU
		{B8B01873-9EFB-4859-9267-C4AB86D3CEB2}.Release|Any CPU.Build.0 = Release|Any CPU
		{6764B624-A2DD-4BA6-BF9E-927788E55396}.Debug|Any CPU.ActiveCfg = Debug|Any CPU
		{6764B624-A2DD-4BA6-BF9E-927788E55396}.Debug|Any CPU.Build.0 = Debug|Any CPU
		{6764B624-A2DD-4BA6-BF9E-927788E55396}.Release|Any CPU.ActiveCfg = Release|Any CPU
		{6764B624-A2DD-4BA6-BF9E-927788E55396}.Release|Any CPU.Build.0 = Release|Any CPU
	EndGlobalSection
	GlobalSection(SolutionProperties) = preSolution
		HideSolutionNode = FALSE
	EndGlobalSection
	GlobalSection(NestedProjects) = preSolution
		{533C5B2E-E58C-4B94-958D-4571D36C5480} = {102271EB-AF41-4241-B504-01F8EE07C4C4}
		{C19077C6-1275-4F2C-96B1-15ECB54757F7} = {7DF77F5C-0CEC-42ED-9A9F-901B62D487D4}
		{CBAE3C79-6860-4C8E-833B-2823AED71308} = {5988C1C8-7100-4F84-A710-B9176846891D}
		{02D3F3F9-D956-4BA9-A40C-497F22BFC14C} = {84CE5DB1-B581-4964-B38E-86980C0C5510}
		{2611B797-74EA-46BF-8A48-7C7D5F583ADB} = {68038D86-9B63-4ADF-B093-7BCB6D025CF5}
		{ECC5DC5D-A7CE-47BE-95FC-CED0075CC8FD} = {1EE86CC9-6811-4F78-A05A-4F2F410F732F}
		{3430AEE3-9577-4E3D-B47D-807AB76BF832} = {75015CA9-3A80-4157-8FFE-C10E200C5080}
		{B8B01873-9EFB-4859-9267-C4AB86D3CEB2} = {CD8564E7-2FB6-4F57-B267-9CD8F3A3254D}
		{6764B624-A2DD-4BA6-BF9E-927788E55396} = {B0E87865-DF80-46B0-8400-67C2F140C365}
	EndGlobalSection
EndGlobal
